// !$*UTF8*$!
{
	archiveVersion = 1;
	classes = {
	};
	objectVersion = 50;
	objects = {

/* Begin PBXBuildFile section */
		A494F3932539B03F008BC22B /* AppDelegate.m in Sources */ = {isa = PBXBuildFile; fileRef = A494F3922539B03F008BC22B /* AppDelegate.m */; };
		A494F3962539B03F008BC22B /* SceneDelegate.m in Sources */ = {isa = PBXBuildFile; fileRef = A494F3952539B03F008BC22B /* SceneDelegate.m */; };
		A494F3992539B03F008BC22B /* MainViewController.m in Sources */ = {isa = PBXBuildFile; fileRef = A494F3982539B03F008BC22B /* MainViewController.m */; };
		A494F39C2539B03F008BC22B /* Main.storyboard in Resources */ = {isa = PBXBuildFile; fileRef = A494F39A2539B03F008BC22B /* Main.storyboard */; };
		A494F39E2539B040008BC22B /* Assets.xcassets in Resources */ = {isa = PBXBuildFile; fileRef = A494F39D2539B040008BC22B /* Assets.xcassets */; };
		A494F3A12539B040008BC22B /* LaunchScreen.storyboard in Resources */ = {isa = PBXBuildFile; fileRef = A494F39F2539B040008BC22B /* LaunchScreen.storyboard */; };
		A494F3A42539B040008BC22B /* main.m in Sources */ = {isa = PBXBuildFile; fileRef = A494F3A32539B040008BC22B /* main.m */; };
		A494F3AE2539B9E3008BC22B /* TableViewController.m in Sources */ = {isa = PBXBuildFile; fileRef = A494F3AD2539B9E3008BC22B /* TableViewController.m */; };
		A494F3B42539BCF5008BC22B /* CustomTableViewCell.m in Sources */ = {isa = PBXBuildFile; fileRef = A494F3B32539BCF5008BC22B /* CustomTableViewCell.m */; };
/* End PBXBuildFile section */

/* Begin PBXFileReference section */
		A494F38E2539B03F008BC22B /* lesson2.app */ = {isa = PBXFileReference; explicitFileType = wrapper.application; includeInIndex = 0; path = lesson2.app; sourceTree = BUILT_PRODUCTS_DIR; };
		A494F3912539B03F008BC22B /* AppDelegate.h */ = {isa = PBXFileReference; lastKnownFileType = sourcecode.c.h; path = AppDelegate.h; sourceTree = "<group>"; };
		A494F3922539B03F008BC22B /* AppDelegate.m */ = {isa = PBXFileReference; lastKnownFileType = sourcecode.c.objc; path = AppDelegate.m; sourceTree = "<group>"; };
		A494F3942539B03F008BC22B /* SceneDelegate.h */ = {isa = PBXFileReference; lastKnownFileType = sourcecode.c.h; path = SceneDelegate.h; sourceTree = "<group>"; };
		A494F3952539B03F008BC22B /* SceneDelegate.m */ = {isa = PBXFileReference; lastKnownFileType = sourcecode.c.objc; path = SceneDelegate.m; sourceTree = "<group>"; };
		A494F3972539B03F008BC22B /* MainViewController.h */ = {isa = PBXFileReference; lastKnownFileType = sourcecode.c.h; path = MainViewController.h; sourceTree = "<group>"; };
		A494F3982539B03F008BC22B /* MainViewController.m */ = {isa = PBXFileReference; lastKnownFileType = sourcecode.c.objc; path = MainViewController.m; sourceTree = "<group>"; };
		A494F39B2539B03F008BC22B /* Base */ = {isa = PBXFileReference; lastKnownFileType = file.storyboard; name = Base; path = Base.lproj/Main.storyboard; sourceTree = "<group>"; };
		A494F39D2539B040008BC22B /* Assets.xcassets */ = {isa = PBXFileReference; lastKnownFileType = folder.assetcatalog; path = Assets.xcassets; sourceTree = "<group>"; };
		A494F3A02539B040008BC22B /* Base */ = {isa = PBXFileReference; lastKnownFileType = file.storyboard; name = Base; path = Base.lproj/LaunchScreen.storyboard; sourceTree = "<group>"; };
		A494F3A22539B040008BC22B /* Info.plist */ = {isa = PBXFileReference; lastKnownFileType = text.plist.xml; path = Info.plist; sourceTree = "<group>"; };
		A494F3A32539B040008BC22B /* main.m */ = {isa = PBXFileReference; lastKnownFileType = sourcecode.c.objc; path = main.m; sourceTree = "<group>"; };
		A494F3AC2539B9E3008BC22B /* TableViewController.h */ = {isa = PBXFileReference; lastKnownFileType = sourcecode.c.h; path = TableViewController.h; sourceTree = "<group>"; };
		A494F3AD2539B9E3008BC22B /* TableViewController.m */ = {isa = PBXFileReference; lastKnownFileType = sourcecode.c.objc; path = TableViewController.m; sourceTree = "<group>"; };
		A494F3B22539BCF5008BC22B /* CustomTableViewCell.h */ = {isa = PBXFileReference; lastKnownFileType = sourcecode.c.h; path = CustomTableViewCell.h; sourceTree = "<group>"; };
		A494F3B32539BCF5008BC22B /* CustomTableViewCell.m */ = {isa = PBXFileReference; lastKnownFileType = sourcecode.c.objc; path = CustomTableViewCell.m; sourceTree = "<group>"; };
/* End PBXFileReference section */

/* Begin PBXFrameworksBuildPhase section */
		A494F38B2539B03F008BC22B /* Frameworks */ = {
			isa = PBXFrameworksBuildPhase;
			buildActionMask = 2147483647;
			files = (
			);
			runOnlyForDeploymentPostprocessing = 0;
		};
/* End PBXFrameworksBuildPhase section */

/* Begin PBXGroup section */
		A494F3852539B03F008BC22B = {
			isa = PBXGroup;
			children = (
				A494F3902539B03F008BC22B /* lesson2 */,
				A494F38F2539B03F008BC22B /* Products */,
			);
			sourceTree = "<group>";
		};
		A494F38F2539B03F008BC22B /* Products */ = {
			isa = PBXGroup;
			children = (
				A494F38E2539B03F008BC22B /* lesson2.app */,
			);
			name = Products;
			sourceTree = "<group>";
		};
		A494F3902539B03F008BC22B /* lesson2 */ = {
			isa = PBXGroup;
			children = (
				A494F3912539B03F008BC22B /* AppDelegate.h */,
				A494F3922539B03F008BC22B /* AppDelegate.m */,
				A494F3942539B03F008BC22B /* SceneDelegate.h */,
				A494F3952539B03F008BC22B /* SceneDelegate.m */,
				A494F3972539B03F008BC22B /* MainViewController.h */,
				A494F3982539B03F008BC22B /* MainViewController.m */,
				A494F3AC2539B9E3008BC22B /* TableViewController.h */,
				A494F3AD2539B9E3008BC22B /* TableViewController.m */,
				A494F39A2539B03F008BC22B /* Main.storyboard */,
				A494F39D2539B040008BC22B /* Assets.xcassets */,
				A494F39F2539B040008BC22B /* LaunchScreen.storyboard */,
				A494F3A22539B040008BC22B /* Info.plist */,
				A494F3A32539B040008BC22B /* main.m */,
				A494F3B22539BCF5008BC22B /* CustomTableViewCell.h */,
				A494F3B32539BCF5008BC22B /* CustomTableViewCell.m */,
			);
			path = lesson2;
			sourceTree = "<group>";
		};
/* End PBXGroup section */

/* Begin PBXNativeTarget section */
		A494F38D2539B03F008BC22B /* lesson2 */ = {
			isa = PBXNativeTarget;
			buildConfigurationList = A494F3A72539B040008BC22B /* Build configuration list for PBXNativeTarget "lesson2" */;
			buildPhases = (
				A494F38A2539B03F008BC22B /* Sources */,
				A494F38B2539B03F008BC22B /* Frameworks */,
				A494F38C2539B03F008BC22B /* Resources */,
			);
			buildRules = (
			);
			dependencies = (
			);
			name = lesson2;
			productName = lesson2;
			productReference = A494F38E2539B03F008BC22B /* lesson2.app */;
			productType = "com.apple.product-type.application";
		};
/* End PBXNativeTarget section */

/* Begin PBXProject section */
		A494F3862539B03F008BC22B /* Project object */ = {
			isa = PBXProject;
			attributes = {
				LastUpgradeCheck = 1200;
				TargetAttributes = {
					A494F38D2539B03F008BC22B = {
						CreatedOnToolsVersion = 12.0.1;
					};
				};
			};
			buildConfigurationList = A494F3892539B03F008BC22B /* Build configuration list for PBXProject "lesson2" */;
			compatibilityVersion = "Xcode 9.3";
			developmentRegion = en;
			hasScannedForEncodings = 0;
			knownRegions = (
				en,
				Base,
			);
			mainGroup = A494F3852539B03F008BC22B;
			productRefGroup = A494F38F2539B03F008BC22B /* Products */;
			projectDirPath = "";
			projectRoot = "";
			targets = (
				A494F38D2539B03F008BC22B /* lesson2 */,
			);
		};
/* End PBXProject section */

/* Begin PBXResourcesBuildPhase section */
		A494F38C2539B03F008BC22B /* Resources */ = {
			isa = PBXResourcesBuildPhase;
			buildActionMask = 2147483647;
			files = (
				A494F3A12539B040008BC22B /* LaunchScreen.storyboard in Resources */,
				A494F39E2539B040008BC22B /* Assets.xcassets in Resources */,
				A494F39C2539B03F008BC22B /* Main.storyboard in Resources */,
			);
			runOnlyForDeploymentPostprocessing = 0;
		};
/* End PBXResourcesBuildPhase section */

/* Begin PBXSourcesBuildPhase section */
		A494F38A2539B03F008BC22B /* Sources */ = {
			isa = PBXSourcesBuildPhase;
			buildActionMask = 2147483647;
			files = (
				A494F3992539B03F008BC22B /* MainViewController.m in Sources */,
				A494F3B42539BCF5008BC22B /* CustomTableViewCell.m in Sources */,
				A494F3932539B03F008BC22B /* AppDelegate.m in Sources */,
				A494F3A42539B040008BC22B /* main.m in Sources */,
				A494F3AE2539B9E3008BC22B /* TableViewController.m in Sources */,
				A494F3962539B03F008BC22B /* SceneDelegate.m in Sources */,
			);
			runOnlyForDeploymentPostprocessing = 0;
		};
/* End PBXSourcesBuildPhase section */

/* Begin PBXVariantGroup section */
		A494F39A2539B03F008BC22B /* Main.storyboard */ = {
			isa = PBXVariantGroup;
			children = (
				A494F39B2539B03F008BC22B /* Base */,
			);
			name = Main.storyboard;
			sourceTree = "<group>";
		};
		A494F39F2539B040008BC22B /* LaunchScreen.storyboard */ = {
			isa = PBXVariantGroup;
			children = (
				A494F3A02539B040008BC22B /* Base */,
			);
			name = LaunchScreen.storyboard;
			sourceTree = "<group>";
		};
/* End PBXVariantGroup section */

/* Begin XCBuildConfiguration section */
		A494F3A52539B040008BC22B /* Debug */ = {
			isa = XCBuildConfiguration;
			buildSettings = {
				ALWAYS_SEARCH_USER_PATHS = NO;
				CLANG_ANALYZER_NONNULL = YES;
				CLANG_ANALYZER_NUMBER_OBJECT_CONVERSION = YES_AGGRESSIVE;
				CLANG_CXX_LANGUAGE_STANDARD = "gnu++14";
				CLANG_CXX_LIBRARY = "libc++";
				CLANG_ENABLE_MODULES = YES;
				CLANG_ENABLE_OBJC_ARC = YES;
				CLANG_ENABLE_OBJC_WEAK = YES;
				CLANG_WARN_BLOCK_CAPTURE_AUTORELEASING = YES;
				CLANG_WARN_BOOL_CONVERSION = YES;
				CLANG_WARN_COMMA = YES;
				CLANG_WARN_CONSTANT_CONVERSION = YES;
				CLANG_WARN_DEPRECATED_OBJC_IMPLEMENTATIONS = YES;
				CLANG_WARN_DIRECT_OBJC_ISA_USAGE = YES_ERROR;
				CLANG_WARN_DOCUMENTATION_COMMENTS = YES;
				CLANG_WARN_EMPTY_BODY = YES;
				CLANG_WARN_ENUM_CONVERSION = YES;
				CLANG_WARN_INFINITE_RECURSION = YES;
				CLANG_WARN_INT_CONVERSION = YES;
				CLANG_WARN_NON_LITERAL_NULL_CONVERSION = YES;
				CLANG_WARN_OBJC_IMPLICIT_RETAIN_SELF = YES;
				CLANG_WARN_OBJC_LITERAL_CONVERSION = YES;
				CLANG_WARN_OBJC_ROOT_CLASS = YES_ERROR;
				CLANG_WARN_QUOTED_INCLUDE_IN_FRAMEWORK_HEADER = YES;
				CLANG_WARN_RANGE_LOOP_ANALYSIS = YES;
				CLANG_WARN_STRICT_PROTOTYPES = YES;
				CLANG_WARN_SUSPICIOUS_MOVE = YES;
				CLANG_WARN_UNGUARDED_AVAILABILITY = YES_AGGRESSIVE;
				CLANG_WARN_UNREACHABLE_CODE = YES;
				CLANG_WARN__DUPLICATE_METHOD_MATCH = YES;
				COPY_PHASE_STRIP = NO;
				DEBUG_INFORMATION_FORMAT = dwarf;
				ENABLE_STRICT_OBJC_MSGSEND = YES;
				ENABLE_TESTABILITY = YES;
				GCC_C_LANGUAGE_STANDARD = gnu11;
				GCC_DYNAMIC_NO_PIC = NO;
				GCC_NO_COMMON_BLOCKS = YES;
				GCC_OPTIMIZATION_LEVEL = 0;
				GCC_PREPROCESSOR_DEFINITIONS = (
					"DEBUG=1",
					"$(inherited)",
				);
				GCC_WARN_64_TO_32_BIT_CONVERSION = YES;
				GCC_WARN_ABOUT_RETURN_TYPE = YES_ERROR;
				GCC_WARN_UNDECLARED_SELECTOR = YES;
				GCC_WARN_UNINITIALIZED_AUTOS = YES_AGGRESSIVE;
				GCC_WARN_UNUSED_FUNCTION = YES;
				GCC_WARN_UNUSED_VARIABLE = YES;
				IPHONEOS_DEPLOYMENT_TARGET = 14.0;
				MTL_ENABLE_DEBUG_INFO = INCLUDE_SOURCE;
				MTL_FAST_MATH = YES;
				ONLY_ACTIVE_ARCH = YES;
				SDKROOT = iphoneos;
			};
			name = Debug;
		};
		A494F3A62539B040008BC22B /* Release */ = {
			isa = XCBuildConfiguration;
			buildSettings = {
				ALWAYS_SEARCH_USER_PATHS = NO;
				CLANG_ANALYZER_NONNULL = YES;
				CLANG_ANALYZER_NUMBER_OBJECT_CONVERSION = YES_AGGRESSIVE;
				CLANG_CXX_LANGUAGE_STANDARD = "gnu++14";
				CLANG_CXX_LIBRARY = "libc++";
				CLANG_ENABLE_MODULES = YES;
				CLANG_ENABLE_OBJC_ARC = YES;
				CLANG_ENABLE_OBJC_WEAK = YES;
				CLANG_WARN_BLOCK_CAPTURE_AUTORELEASING = YES;
				CLANG_WARN_BOOL_CONVERSION = YES;
				CLANG_WARN_COMMA = YES;
				CLANG_WARN_CONSTANT_CONVERSION = YES;
				CLANG_WARN_DEPRECATED_OBJC_IMPLEMENTATIONS = YES;
				CLANG_WARN_DIRECT_OBJC_ISA_USAGE = YES_ERROR;
				CLANG_WARN_DOCUMENTATION_COMMENTS = YES;
				CLANG_WARN_EMPTY_BODY = YES;
				CLANG_WARN_ENUM_CONVERSION = YES;
				CLANG_WARN_INFINITE_RECURSION = YES;
				CLANG_WARN_INT_CONVERSION = YES;
				CLANG_WARN_NON_LITERAL_NULL_CONVERSION = YES;
				CLANG_WARN_OBJC_IMPLICIT_RETAIN_SELF = YES;
				CLANG_WARN_OBJC_LITERAL_CONVERSION = YES;
				CLANG_WARN_OBJC_ROOT_CLASS = YES_ERROR;
				CLANG_WARN_QUOTED_INCLUDE_IN_FRAMEWORK_HEADER = YES;
				CLANG_WARN_RANGE_LOOP_ANALYSIS = YES;
				CLANG_WARN_STRICT_PROTOTYPES = YES;
				CLANG_WARN_SUSPICIOUS_MOVE = YES;
				CLANG_WARN_UNGUARDED_AVAILABILITY = YES_AGGRESSIVE;
				CLANG_WARN_UNREACHABLE_CODE = YES;
				CLANG_WARN__DUPLICATE_METHOD_MATCH = YES;
				COPY_PHASE_STRIP = NO;
				DEBUG_INFORMATION_FORMAT = "dwarf-with-dsym";
				ENABLE_NS_ASSERTIONS = NO;
				ENABLE_STRICT_OBJC_MSGSEND = YES;
				GCC_C_LANGUAGE_STANDARD = gnu11;
				GCC_NO_COMMON_BLOCKS = YES;
				GCC_WARN_64_TO_32_BIT_CONVERSION = YES;
				GCC_WARN_ABOUT_RETURN_TYPE = YES_ERROR;
				GCC_WARN_UNDECLARED_SELECTOR = YES;
				GCC_WARN_UNINITIALIZED_AUTOS = YES_AGGRESSIVE;
				GCC_WARN_UNUSED_FUNCTION = YES;
				GCC_WARN_UNUSED_VARIABLE = YES;
				IPHONEOS_DEPLOYMENT_TARGET = 14.0;
				MTL_ENABLE_DEBUG_INFO = NO;
				MTL_FAST_MATH = YES;
				SDKROOT = iphoneos;
				VALIDATE_PRODUCT = YES;
			};
			name = Release;
		};
		A494F3A82539B040008BC22B /* Debug */ = {
			isa = XCBuildConfiguration;
			buildSettings = {
				ASSETCATALOG_COMPILER_APPICON_NAME = AppIcon;
				ASSETCATALOG_COMPILER_GLOBAL_ACCENT_COLOR_NAME = AccentColor;
				CODE_SIGN_STYLE = Automatic;
				DEVELOPMENT_TEAM = 6MAW84PZ8M;
				INFOPLIST_FILE = lesson2/Info.plist;
				LD_RUNPATH_SEARCH_PATHS = (
					"$(inherited)",
					"@executable_path/Frameworks",
				);
				PRODUCT_BUNDLE_IDENTIFIER = gb.5vi5t.lesson2;
				PRODUCT_NAME = "$(TARGET_NAME)";
				TARGETED_DEVICE_FAMILY = "1,2";
			};
			name = Debug;
		};
		A494F3A92539B040008BC22B /* Release */ = {
			isa = XCBuildConfiguration;
			buildSettings = {
				ASSETCATALOG_COMPILER_APPICON_NAME = AppIcon;
				ASSETCATALOG_COMPILER_GLOBAL_ACCENT_COLOR_NAME = AccentColor;
				CODE_SIGN_STYLE = Automatic;
				DEVELOPMENT_TEAM = 6MAW84PZ8M;
				INFOPLIST_FILE = lesson2/Info.plist;
				LD_RUNPATH_SEARCH_PATHS = (
					"$(inherited)",
					"@executable_path/Frameworks",
				);
				PRODUCT_BUNDLE_IDENTIFIER = gb.5vi5t.lesson2;
				PRODUCT_NAME = "$(TARGET_NAME)";
				TARGETED_DEVICE_FAMILY = "1,2";
			};
			name = Release;
		};
/* End XCBuildConfiguration section */

/* Begin XCConfigurationList section */
		A494F3892539B03F008BC22B /* Build configuration list for PBXProject "lesson2" */ = {
			isa = XCConfigurationList;
			buildConfigurations = (
				A494F3A52539B040008BC22B /* Debug */,
				A494F3A62539B040008BC22B /* Release */,
			);
			defaultConfigurationIsVisible = 0;
			defaultConfigurationName = Release;
		};
		A494F3A72539B040008BC22B /* Build configuration list for PBXNativeTarget "lesson2" */ = {
			isa = XCConfigurationList;
			buildConfigurations = (
				A494F3A82539B040008BC22B /* Debug */,
				A494F3A92539B040008BC22B /* Release */,
			);
			defaultConfigurationIsVisible = 0;
			defaultConfigurationName = Release;
		};
/* End XCConfigurationList section */
	};
	rootObject = A494F3862539B03F008BC22B /* Project object */;
}
